// !$*UTF8*$!
{
	archiveVersion = 1;
	classes = {
	};
	objectVersion = 51;
	objects = {

/* Begin PBXBuildFile section */
		6798110BC374374A8E231800 /* Pods_NaverMap_Pracite.framework in Frameworks */ = {isa = PBXBuildFile; fileRef = CFCF93A262A1A99C71D04AB1 /* Pods_NaverMap_Pracite.framework */; };
		ABFF9D7426CDF14600AF1C9E /* AppDelegate.swift in Sources */ = {isa = PBXBuildFile; fileRef = ABFF9D7326CDF14600AF1C9E /* AppDelegate.swift */; };
		ABFF9D7626CDF14600AF1C9E /* SceneDelegate.swift in Sources */ = {isa = PBXBuildFile; fileRef = ABFF9D7526CDF14600AF1C9E /* SceneDelegate.swift */; };
		ABFF9D7826CDF14600AF1C9E /* ViewController.swift in Sources */ = {isa = PBXBuildFile; fileRef = ABFF9D7726CDF14600AF1C9E /* ViewController.swift */; };
		ABFF9D7B26CDF14600AF1C9E /* Main.storyboard in Resources */ = {isa = PBXBuildFile; fileRef = ABFF9D7926CDF14600AF1C9E /* Main.storyboard */; };
		ABFF9D7D26CDF14700AF1C9E /* Assets.xcassets in Resources */ = {isa = PBXBuildFile; fileRef = ABFF9D7C26CDF14700AF1C9E /* Assets.xcassets */; };
		ABFF9D8026CDF14700AF1C9E /* LaunchScreen.storyboard in Resources */ = {isa = PBXBuildFile; fileRef = ABFF9D7E26CDF14700AF1C9E /* LaunchScreen.storyboard */; };
		ABFF9D8826CE04DF00AF1C9E /* CenterListVO.swift in Sources */ = {isa = PBXBuildFile; fileRef = ABFF9D8726CE04DF00AF1C9E /* CenterListVO.swift */; };
		ABFF9D8E26CE1AF500AF1C9E /* Service.swift in Sources */ = {isa = PBXBuildFile; fileRef = ABFF9D8D26CE1AF500AF1C9E /* Service.swift */; };
		ABFF9D9026CE1CA300AF1C9E /* CenterViewModel.swift in Sources */ = {isa = PBXBuildFile; fileRef = ABFF9D8F26CE1CA300AF1C9E /* CenterViewModel.swift */; };
		ABFF9D9226CE20DC00AF1C9E /* Service+TargetType.swift in Sources */ = {isa = PBXBuildFile; fileRef = ABFF9D9126CE20DC00AF1C9E /* Service+TargetType.swift */; };
/* End PBXBuildFile section */

/* Begin PBXFileReference section */
		000606C959EB57E7EF27737C /* Pods-NaverMap_Pracite.release.xcconfig */ = {isa = PBXFileReference; includeInIndex = 1; lastKnownFileType = text.xcconfig; name = "Pods-NaverMap_Pracite.release.xcconfig"; path = "Target Support Files/Pods-NaverMap_Pracite/Pods-NaverMap_Pracite.release.xcconfig"; sourceTree = "<group>"; };
		ABFF9D7026CDF14600AF1C9E /* NaverMap_Pracite.app */ = {isa = PBXFileReference; explicitFileType = wrapper.application; includeInIndex = 0; path = NaverMap_Pracite.app; sourceTree = BUILT_PRODUCTS_DIR; };
		ABFF9D7326CDF14600AF1C9E /* AppDelegate.swift */ = {isa = PBXFileReference; lastKnownFileType = sourcecode.swift; path = AppDelegate.swift; sourceTree = "<group>"; };
		ABFF9D7526CDF14600AF1C9E /* SceneDelegate.swift */ = {isa = PBXFileReference; lastKnownFileType = sourcecode.swift; path = SceneDelegate.swift; sourceTree = "<group>"; };
		ABFF9D7726CDF14600AF1C9E /* ViewController.swift */ = {isa = PBXFileReference; lastKnownFileType = sourcecode.swift; path = ViewController.swift; sourceTree = "<group>"; };
		ABFF9D7A26CDF14600AF1C9E /* Base */ = {isa = PBXFileReference; lastKnownFileType = file.storyboard; name = Base; path = Base.lproj/Main.storyboard; sourceTree = "<group>"; };
		ABFF9D7C26CDF14700AF1C9E /* Assets.xcassets */ = {isa = PBXFileReference; lastKnownFileType = folder.assetcatalog; path = Assets.xcassets; sourceTree = "<group>"; };
		ABFF9D7F26CDF14700AF1C9E /* Base */ = {isa = PBXFileReference; lastKnownFileType = file.storyboard; name = Base; path = Base.lproj/LaunchScreen.storyboard; sourceTree = "<group>"; };
		ABFF9D8126CDF14700AF1C9E /* Info.plist */ = {isa = PBXFileReference; lastKnownFileType = text.plist.xml; path = Info.plist; sourceTree = "<group>"; };
		ABFF9D8726CE04DF00AF1C9E /* CenterListVO.swift */ = {isa = PBXFileReference; lastKnownFileType = sourcecode.swift; path = CenterListVO.swift; sourceTree = "<group>"; };
		ABFF9D8D26CE1AF500AF1C9E /* Service.swift */ = {isa = PBXFileReference; lastKnownFileType = sourcecode.swift; path = Service.swift; sourceTree = "<group>"; };
		ABFF9D8F26CE1CA300AF1C9E /* CenterViewModel.swift */ = {isa = PBXFileReference; lastKnownFileType = sourcecode.swift; path = CenterViewModel.swift; sourceTree = "<group>"; };
		ABFF9D9126CE20DC00AF1C9E /* Service+TargetType.swift */ = {isa = PBXFileReference; lastKnownFileType = sourcecode.swift; path = "Service+TargetType.swift"; sourceTree = "<group>"; };
		CFCF93A262A1A99C71D04AB1 /* Pods_NaverMap_Pracite.framework */ = {isa = PBXFileReference; explicitFileType = wrapper.framework; includeInIndex = 0; path = Pods_NaverMap_Pracite.framework; sourceTree = BUILT_PRODUCTS_DIR; };
		E558934C891524AE5DF93B28 /* Pods-NaverMap_Pracite.debug.xcconfig */ = {isa = PBXFileReference; includeInIndex = 1; lastKnownFileType = text.xcconfig; name = "Pods-NaverMap_Pracite.debug.xcconfig"; path = "Target Support Files/Pods-NaverMap_Pracite/Pods-NaverMap_Pracite.debug.xcconfig"; sourceTree = "<group>"; };
/* End PBXFileReference section */

/* Begin PBXFrameworksBuildPhase section */
		ABFF9D6D26CDF14600AF1C9E /* Frameworks */ = {
			isa = PBXFrameworksBuildPhase;
			buildActionMask = 2147483647;
			files = (
				6798110BC374374A8E231800 /* Pods_NaverMap_Pracite.framework in Frameworks */,
			);
			runOnlyForDeploymentPostprocessing = 0;
		};
/* End PBXFrameworksBuildPhase section */

/* Begin PBXGroup section */
		6F46E71469BDCAB805E66296 /* Pods */ = {
			isa = PBXGroup;
			children = (
				E558934C891524AE5DF93B28 /* Pods-NaverMap_Pracite.debug.xcconfig */,
				000606C959EB57E7EF27737C /* Pods-NaverMap_Pracite.release.xcconfig */,
			);
			path = Pods;
			sourceTree = "<group>";
		};
		7CDD7895FEC5DDA32235D1F5 /* Frameworks */ = {
			isa = PBXGroup;
			children = (
				CFCF93A262A1A99C71D04AB1 /* Pods_NaverMap_Pracite.framework */,
			);
			name = Frameworks;
			sourceTree = "<group>";
		};
		ABFF9D6726CDF14600AF1C9E = {
			isa = PBXGroup;
			children = (
				ABFF9D7226CDF14600AF1C9E /* NaverMap_Pracite */,
				ABFF9D7126CDF14600AF1C9E /* Products */,
				6F46E71469BDCAB805E66296 /* Pods */,
				7CDD7895FEC5DDA32235D1F5 /* Frameworks */,
			);
			sourceTree = "<group>";
		};
		ABFF9D7126CDF14600AF1C9E /* Products */ = {
			isa = PBXGroup;
			children = (
				ABFF9D7026CDF14600AF1C9E /* NaverMap_Pracite.app */,
			);
			name = Products;
			sourceTree = "<group>";
		};
		ABFF9D7226CDF14600AF1C9E /* NaverMap_Pracite */ = {
			isa = PBXGroup;
			children = (
				ABFF9D8C26CE1AE000AF1C9E /* Common */,
				ABFF9D8B26CE05C800AF1C9E /* ViewModel */,
				ABFF9D8A26CE059500AF1C9E /* Model */,
				ABFF9D8926CE059300AF1C9E /* ViewController */,
				ABFF9D7326CDF14600AF1C9E /* AppDelegate.swift */,
				ABFF9D7526CDF14600AF1C9E /* SceneDelegate.swift */,
				ABFF9D7726CDF14600AF1C9E /* ViewController.swift */,
				ABFF9D7926CDF14600AF1C9E /* Main.storyboard */,
				ABFF9D7C26CDF14700AF1C9E /* Assets.xcassets */,
				ABFF9D7E26CDF14700AF1C9E /* LaunchScreen.storyboard */,
				ABFF9D8126CDF14700AF1C9E /* Info.plist */,
			);
			path = NaverMap_Pracite;
			sourceTree = "<group>";
		};
		ABFF9D8926CE059300AF1C9E /* ViewController */ = {
			isa = PBXGroup;
			children = (
			);
			path = ViewController;
			sourceTree = "<group>";
		};
		ABFF9D8A26CE059500AF1C9E /* Model */ = {
			isa = PBXGroup;
			children = (
				ABFF9D8726CE04DF00AF1C9E /* CenterListVO.swift */,
			);
			path = Model;
			sourceTree = "<group>";
		};
		ABFF9D8B26CE05C800AF1C9E /* ViewModel */ = {
			isa = PBXGroup;
			children = (
				ABFF9D8F26CE1CA300AF1C9E /* CenterViewModel.swift */,
			);
			path = ViewModel;
			sourceTree = "<group>";
		};
		ABFF9D8C26CE1AE000AF1C9E /* Common */ = {
			isa = PBXGroup;
			children = (
				ABFF9D8D26CE1AF500AF1C9E /* Service.swift */,
				ABFF9D9126CE20DC00AF1C9E /* Service+TargetType.swift */,
			);
			path = Common;
			sourceTree = "<group>";
		};
/* End PBXGroup section */

/* Begin PBXNativeTarget section */
		ABFF9D6F26CDF14600AF1C9E /* NaverMap_Pracite */ = {
			isa = PBXNativeTarget;
			buildConfigurationList = ABFF9D8426CDF14700AF1C9E /* Build configuration list for PBXNativeTarget "NaverMap_Pracite" */;
			buildPhases = (
				D0C0229F649807BE308A7A4A /* [CP] Check Pods Manifest.lock */,
				ABFF9D6C26CDF14600AF1C9E /* Sources */,
				ABFF9D6D26CDF14600AF1C9E /* Frameworks */,
				ABFF9D6E26CDF14600AF1C9E /* Resources */,
				7DB6C2191277FD6983B87FD9 /* [CP] Embed Pods Frameworks */,
			);
			buildRules = (
			);
			dependencies = (
			);
			name = NaverMap_Pracite;
			productName = NaverMap_Pracite;
			productReference = ABFF9D7026CDF14600AF1C9E /* NaverMap_Pracite.app */;
			productType = "com.apple.product-type.application";
		};
/* End PBXNativeTarget section */

/* Begin PBXProject section */
		ABFF9D6826CDF14600AF1C9E /* Project object */ = {
			isa = PBXProject;
			attributes = {
				LastSwiftUpdateCheck = 1250;
				LastUpgradeCheck = 1250;
				TargetAttributes = {
					ABFF9D6F26CDF14600AF1C9E = {
						CreatedOnToolsVersion = 12.5.1;
					};
				};
			};
			buildConfigurationList = ABFF9D6B26CDF14600AF1C9E /* Build configuration list for PBXProject "NaverMap_Pracite" */;
			compatibilityVersion = "Xcode 9.3";
			developmentRegion = en;
			hasScannedForEncodings = 0;
			knownRegions = (
				en,
				Base,
			);
			mainGroup = ABFF9D6726CDF14600AF1C9E;
			productRefGroup = ABFF9D7126CDF14600AF1C9E /* Products */;
			projectDirPath = "";
			projectRoot = "";
			targets = (
				ABFF9D6F26CDF14600AF1C9E /* NaverMap_Pracite */,
			);
		};
/* End PBXProject section */

/* Begin PBXResourcesBuildPhase section */
		ABFF9D6E26CDF14600AF1C9E /* Resources */ = {
			isa = PBXResourcesBuildPhase;
			buildActionMask = 2147483647;
			files = (
				ABFF9D8026CDF14700AF1C9E /* LaunchScreen.storyboard in Resources */,
				ABFF9D7D26CDF14700AF1C9E /* Assets.xcassets in Resources */,
				ABFF9D7B26CDF14600AF1C9E /* Main.storyboard in Resources */,
			);
			runOnlyForDeploymentPostprocessing = 0;
		};
/* End PBXResourcesBuildPhase section */

/* Begin PBXShellScriptBuildPhase section */
		7DB6C2191277FD6983B87FD9 /* [CP] Embed Pods Frameworks */ = {
			isa = PBXShellScriptBuildPhase;
			buildActionMask = 2147483647;
			files = (
			);
			inputFileListPaths = (
				"${PODS_ROOT}/Target Support Files/Pods-NaverMap_Pracite/Pods-NaverMap_Pracite-frameworks-${CONFIGURATION}-input-files.xcfilelist",
			);
			name = "[CP] Embed Pods Frameworks";
			outputFileListPaths = (
				"${PODS_ROOT}/Target Support Files/Pods-NaverMap_Pracite/Pods-NaverMap_Pracite-frameworks-${CONFIGURATION}-output-files.xcfilelist",
			);
			runOnlyForDeploymentPostprocessing = 0;
			shellPath = /bin/sh;
			shellScript = "\"${PODS_ROOT}/Target Support Files/Pods-NaverMap_Pracite/Pods-NaverMap_Pracite-frameworks.sh\"\n";
			showEnvVarsInLog = 0;
		};
		D0C0229F649807BE308A7A4A /* [CP] Check Pods Manifest.lock */ = {
			isa = PBXShellScriptBuildPhase;
			buildActionMask = 2147483647;
			files = (
			);
			inputFileListPaths = (
			);
			inputPaths = (
				"${PODS_PODFILE_DIR_PATH}/Podfile.lock",
				"${PODS_ROOT}/Manifest.lock",
			);
			name = "[CP] Check Pods Manifest.lock";
			outputFileListPaths = (
			);
			outputPaths = (
				"$(DERIVED_FILE_DIR)/Pods-NaverMap_Pracite-checkManifestLockResult.txt",
			);
			runOnlyForDeploymentPostprocessing = 0;
			shellPath = /bin/sh;
			shellScript = "diff \"${PODS_PODFILE_DIR_PATH}/Podfile.lock\" \"${PODS_ROOT}/Manifest.lock\" > /dev/null\nif [ $? != 0 ] ; then\n    # print error to STDERR\n    echo \"error: The sandbox is not in sync with the Podfile.lock. Run 'pod install' or update your CocoaPods installation.\" >&2\n    exit 1\nfi\n# This output is used by Xcode 'outputs' to avoid re-running this script phase.\necho \"SUCCESS\" > \"${SCRIPT_OUTPUT_FILE_0}\"\n";
			showEnvVarsInLog = 0;
		};
/* End PBXShellScriptBuildPhase section */

/* Begin PBXSourcesBuildPhase section */
		ABFF9D6C26CDF14600AF1C9E /* Sources */ = {
			isa = PBXSourcesBuildPhase;
			buildActionMask = 2147483647;
			files = (
				ABFF9D7826CDF14600AF1C9E /* ViewController.swift in Sources */,
				ABFF9D9226CE20DC00AF1C9E /* Service+TargetType.swift in Sources */,
				ABFF9D7426CDF14600AF1C9E /* AppDelegate.swift in Sources */,
				ABFF9D8E26CE1AF500AF1C9E /* Service.swift in Sources */,
				ABFF9D9026CE1CA300AF1C9E /* CenterViewModel.swift in Sources */,
				ABFF9D7626CDF14600AF1C9E /* SceneDelegate.swift in Sources */,
				ABFF9D8826CE04DF00AF1C9E /* CenterListVO.swift in Sources */,
			);
			runOnlyForDeploymentPostprocessing = 0;
		};
/* End PBXSourcesBuildPhase section */

/* Begin PBXVariantGroup section */
		ABFF9D7926CDF14600AF1C9E /* Main.storyboard */ = {
			isa = PBXVariantGroup;
			children = (
				ABFF9D7A26CDF14600AF1C9E /* Base */,
			);
			name = Main.storyboard;
			sourceTree = "<group>";
		};
		ABFF9D7E26CDF14700AF1C9E /* LaunchScreen.storyboard */ = {
			isa = PBXVariantGroup;
			children = (
				ABFF9D7F26CDF14700AF1C9E /* Base */,
			);
			name = LaunchScreen.storyboard;
			sourceTree = "<group>";
		};
/* End PBXVariantGroup section */

/* Begin XCBuildConfiguration section */
		ABFF9D8226CDF14700AF1C9E /* Debug */ = {
			isa = XCBuildConfiguration;
			buildSettings = {
				ALWAYS_SEARCH_USER_PATHS = NO;
				CLANG_ANALYZER_NONNULL = YES;
				CLANG_ANALYZER_NUMBER_OBJECT_CONVERSION = YES_AGGRESSIVE;
				CLANG_CXX_LANGUAGE_STANDARD = "gnu++14";
				CLANG_CXX_LIBRARY = "libc++";
				CLANG_ENABLE_MODULES = YES;
				CLANG_ENABLE_OBJC_ARC = YES;
				CLANG_ENABLE_OBJC_WEAK = YES;
				CLANG_WARN_BLOCK_CAPTURE_AUTORELEASING = YES;
				CLANG_WARN_BOOL_CONVERSION = YES;
				CLANG_WARN_COMMA = YES;
				CLANG_WARN_CONSTANT_CONVERSION = YES;
				CLANG_WARN_DEPRECATED_OBJC_IMPLEMENTATIONS = YES;
				CLANG_WARN_DIRECT_OBJC_ISA_USAGE = YES_ERROR;
				CLANG_WARN_DOCUMENTATION_COMMENTS = YES;
				CLANG_WARN_EMPTY_BODY = YES;
				CLANG_WARN_ENUM_CONVERSION = YES;
				CLANG_WARN_INFINITE_RECURSION = YES;
				CLANG_WARN_INT_CONVERSION = YES;
				CLANG_WARN_NON_LITERAL_NULL_CONVERSION = YES;
				CLANG_WARN_OBJC_IMPLICIT_RETAIN_SELF = YES;
				CLANG_WARN_OBJC_LITERAL_CONVERSION = YES;
				CLANG_WARN_OBJC_ROOT_CLASS = YES_ERROR;
				CLANG_WARN_QUOTED_INCLUDE_IN_FRAMEWORK_HEADER = YES;
				CLANG_WARN_RANGE_LOOP_ANALYSIS = YES;
				CLANG_WARN_STRICT_PROTOTYPES = YES;
				CLANG_WARN_SUSPICIOUS_MOVE = YES;
				CLANG_WARN_UNGUARDED_AVAILABILITY = YES_AGGRESSIVE;
				CLANG_WARN_UNREACHABLE_CODE = YES;
				CLANG_WARN__DUPLICATE_METHOD_MATCH = YES;
				COPY_PHASE_STRIP = NO;
				DEBUG_INFORMATION_FORMAT = dwarf;
				ENABLE_STRICT_OBJC_MSGSEND = YES;
				ENABLE_TESTABILITY = YES;
				GCC_C_LANGUAGE_STANDARD = gnu11;
				GCC_DYNAMIC_NO_PIC = NO;
				GCC_NO_COMMON_BLOCKS = YES;
				GCC_OPTIMIZATION_LEVEL = 0;
				GCC_PREPROCESSOR_DEFINITIONS = (
					"DEBUG=1",
					"$(inherited)",
				);
				GCC_WARN_64_TO_32_BIT_CONVERSION = YES;
				GCC_WARN_ABOUT_RETURN_TYPE = YES_ERROR;
				GCC_WARN_UNDECLARED_SELECTOR = YES;
				GCC_WARN_UNINITIALIZED_AUTOS = YES_AGGRESSIVE;
				GCC_WARN_UNUSED_FUNCTION = YES;
				GCC_WARN_UNUSED_VARIABLE = YES;
				IPHONEOS_DEPLOYMENT_TARGET = 13.0;
				MTL_ENABLE_DEBUG_INFO = INCLUDE_SOURCE;
				MTL_FAST_MATH = YES;
				ONLY_ACTIVE_ARCH = YES;
				SDKROOT = iphoneos;
				SWIFT_ACTIVE_COMPILATION_CONDITIONS = DEBUG;
				SWIFT_OPTIMIZATION_LEVEL = "-Onone";
			};
			name = Debug;
		};
		ABFF9D8326CDF14700AF1C9E /* Release */ = {
			isa = XCBuildConfiguration;
			buildSettings = {
				ALWAYS_SEARCH_USER_PATHS = NO;
				CLANG_ANALYZER_NONNULL = YES;
				CLANG_ANALYZER_NUMBER_OBJECT_CONVERSION = YES_AGGRESSIVE;
				CLANG_CXX_LANGUAGE_STANDARD = "gnu++14";
				CLANG_CXX_LIBRARY = "libc++";
				CLANG_ENABLE_MODULES = YES;
				CLANG_ENABLE_OBJC_ARC = YES;
				CLANG_ENABLE_OBJC_WEAK = YES;
				CLANG_WARN_BLOCK_CAPTURE_AUTORELEASING = YES;
				CLANG_WARN_BOOL_CONVERSION = YES;
				CLANG_WARN_COMMA = YES;
				CLANG_WARN_CONSTANT_CONVERSION = YES;
				CLANG_WARN_DEPRECATED_OBJC_IMPLEMENTATIONS = YES;
				CLANG_WARN_DIRECT_OBJC_ISA_USAGE = YES_ERROR;
				CLANG_WARN_DOCUMENTATION_COMMENTS = YES;
				CLANG_WARN_EMPTY_BODY = YES;
				CLANG_WARN_ENUM_CONVERSION = YES;
				CLANG_WARN_INFINITE_RECURSION = YES;
				CLANG_WARN_INT_CONVERSION = YES;
				CLANG_WARN_NON_LITERAL_NULL_CONVERSION = YES;
				CLANG_WARN_OBJC_IMPLICIT_RETAIN_SELF = YES;
				CLANG_WARN_OBJC_LITERAL_CONVERSION = YES;
				CLANG_WARN_OBJC_ROOT_CLASS = YES_ERROR;
				CLANG_WARN_QUOTED_INCLUDE_IN_FRAMEWORK_HEADER = YES;
				CLANG_WARN_RANGE_LOOP_ANALYSIS = YES;
				CLANG_WARN_STRICT_PROTOTYPES = YES;
				CLANG_WARN_SUSPICIOUS_MOVE = YES;
				CLANG_WARN_UNGUARDED_AVAILABILITY = YES_AGGRESSIVE;
				CLANG_WARN_UNREACHABLE_CODE = YES;
				CLANG_WARN__DUPLICATE_METHOD_MATCH = YES;
				COPY_PHASE_STRIP = NO;
				DEBUG_INFORMATION_FORMAT = "dwarf-with-dsym";
				ENABLE_NS_ASSERTIONS = NO;
				ENABLE_STRICT_OBJC_MSGSEND = YES;
				GCC_C_LANGUAGE_STANDARD = gnu11;
				GCC_NO_COMMON_BLOCKS = YES;
				GCC_WARN_64_TO_32_BIT_CONVERSION = YES;
				GCC_WARN_ABOUT_RETURN_TYPE = YES_ERROR;
				GCC_WARN_UNDECLARED_SELECTOR = YES;
				GCC_WARN_UNINITIALIZED_AUTOS = YES_AGGRESSIVE;
				GCC_WARN_UNUSED_FUNCTION = YES;
				GCC_WARN_UNUSED_VARIABLE = YES;
				IPHONEOS_DEPLOYMENT_TARGET = 13.0;
				MTL_ENABLE_DEBUG_INFO = NO;
				MTL_FAST_MATH = YES;
				SDKROOT = iphoneos;
				SWIFT_COMPILATION_MODE = wholemodule;
				SWIFT_OPTIMIZATION_LEVEL = "-O";
				VALIDATE_PRODUCT = YES;
			};
			name = Release;
		};
		ABFF9D8526CDF14700AF1C9E /* Debug */ = {
			isa = XCBuildConfiguration;
			baseConfigurationReference = E558934C891524AE5DF93B28 /* Pods-NaverMap_Pracite.debug.xcconfig */;
			buildSettings = {
				ASSETCATALOG_COMPILER_APPICON_NAME = AppIcon;
				ASSETCATALOG_COMPILER_GLOBAL_ACCENT_COLOR_NAME = AccentColor;
				CODE_SIGN_STYLE = Automatic;
				DEVELOPMENT_TEAM = 2FBCR3YXYM;
				INFOPLIST_FILE = NaverMap_Pracite/Info.plist;
				LD_RUNPATH_SEARCH_PATHS = (
					"$(inherited)",
					"@executable_path/Frameworks",
				);
				PRODUCT_BUNDLE_IDENTIFIER = "MyToy.NaverMap-Pracite";
				PRODUCT_NAME = "$(TARGET_NAME)";
				SWIFT_VERSION = 5.0;
				TARGETED_DEVICE_FAMILY = "1,2";
			};
			name = Debug;
		};
		ABFF9D8626CDF14700AF1C9E /* Release */ = {
			isa = XCBuildConfiguration;
			baseConfigurationReference = 000606C959EB57E7EF27737C /* Pods-NaverMap_Pracite.release.xcconfig */;
			buildSettings = {
				ASSETCATALOG_COMPILER_APPICON_NAME = AppIcon;
				ASSETCATALOG_COMPILER_GLOBAL_ACCENT_COLOR_NAME = AccentColor;
				CODE_SIGN_STYLE = Automatic;
				DEVELOPMENT_TEAM = 2FBCR3YXYM;
				INFOPLIST_FILE = NaverMap_Pracite/Info.plist;
				LD_RUNPATH_SEARCH_PATHS = (
					"$(inherited)",
					"@executable_path/Frameworks",
				);
				PRODUCT_BUNDLE_IDENTIFIER = "MyToy.NaverMap-Pracite";
				PRODUCT_NAME = "$(TARGET_NAME)";
				SWIFT_VERSION = 5.0;
				TARGETED_DEVICE_FAMILY = "1,2";
			};
			name = Release;
		};
/* End XCBuildConfiguration section */

/* Begin XCConfigurationList section */
		ABFF9D6B26CDF14600AF1C9E /* Build configuration list for PBXProject "NaverMap_Pracite" */ = {
			isa = XCConfigurationList;
			buildConfigurations = (
				ABFF9D8226CDF14700AF1C9E /* Debug */,
				ABFF9D8326CDF14700AF1C9E /* Release */,
			);
			defaultConfigurationIsVisible = 0;
			defaultConfigurationName = Release;
		};
		ABFF9D8426CDF14700AF1C9E /* Build configuration list for PBXNativeTarget "NaverMap_Pracite" */ = {
			isa = XCConfigurationList;
			buildConfigurations = (
				ABFF9D8526CDF14700AF1C9E /* Debug */,
				ABFF9D8626CDF14700AF1C9E /* Release */,
			);
			defaultConfigurationIsVisible = 0;
			defaultConfigurationName = Release;
		};
/* End XCConfigurationList section */
	};
	rootObject = ABFF9D6826CDF14600AF1C9E /* Project object */;
}
